
Microsoft Visual Studio Solution File, Format Version 12.00
# Visual Studio 15
VisualStudioVersion = 15.0.26124.0
MinimumVisualStudioVersion = 15.0.26124.0
Project("{FAE04EC0-301F-11D3-BF4B-00C04F79EFBC}") = "PersonLib", "PersonLib\PersonLib.csproj", "{F5EADA49-A05E-4A1B-B72D-AD494A15EF12}"
EndProject
Project("{FAE04EC0-301F-11D3-BF4B-00C04F79EFBC}") = "PersonLibTest", "PersonLibTest\PersonLibTest.csproj", "{E6278B1C-58BF-44C7-99E8-9A65D7EF52F0}"
EndProject
Project("{FAE04EC0-301F-11D3-BF4B-00C04F79EFBC}") = "PersonApp", "PersonApp\PersonApp.csproj", "{5CD78F16-59B1-447F-813C-92C557AC919D}"
EndProject
Global
	GlobalSection(SolutionConfigurationPlatforms) = preSolution
		Debug|Any CPU = Debug|Any CPU
		Debug|x64 = Debug|x64
		Debug|x86 = Debug|x86
		Release|Any CPU = Release|Any CPU
		Release|x64 = Release|x64
		Release|x86 = Release|x86
	EndGlobalSection
	GlobalSection(SolutionProperties) = preSolution
		HideSolutionNode = FALSE
	EndGlobalSection
	GlobalSection(ProjectConfigurationPlatforms) = postSolution
		{F5EADA49-A05E-4A1B-B72D-AD494A15EF12}.Debug|Any CPU.ActiveCfg = Debug|Any CPU
		{F5EADA49-A05E-4A1B-B72D-AD494A15EF12}.Debug|Any CPU.Build.0 = Debug|Any CPU
		{F5EADA49-A05E-4A1B-B72D-AD494A15EF12}.Debug|x64.ActiveCfg = Debug|Any CPU
		{F5EADA49-A05E-4A1B-B72D-AD494A15EF12}.Debug|x64.Build.0 = Debug|Any CPU
		{F5EADA49-A05E-4A1B-B72D-AD494A15EF12}.Debug|x86.ActiveCfg = Debug|Any CPU
		{F5EADA49-A05E-4A1B-B72D-AD494A15EF12}.Debug|x86.Build.0 = Debug|Any CPU
		{F5EADA49-A05E-4A1B-B72D-AD494A15EF12}.Release|Any CPU.ActiveCfg = Release|Any CPU
		{F5EADA49-A05E-4A1B-B72D-AD494A15EF12}.Release|Any CPU.Build.0 = Release|Any CPU
		{F5EADA49-A05E-4A1B-B72D-AD494A15EF12}.Release|x64.ActiveCfg = Release|Any CPU
		{F5EADA49-A05E-4A1B-B72D-AD494A15EF12}.Release|x64.Build.0 = Release|Any CPU
		{F5EADA49-A05E-4A1B-B72D-AD494A15EF12}.Release|x86.ActiveCfg = Release|Any CPU
		{F5EADA49-A05E-4A1B-B72D-AD494A15EF12}.Release|x86.Build.0 = Release|Any CPU
		{E6278B1C-58BF-44C7-99E8-9A65D7EF52F0}.Debug|Any CPU.ActiveCfg = Debug|Any CPU
		{E6278B1C-58BF-44C7-99E8-9A65D7EF52F0}.Debug|Any CPU.Build.0 = Debug|Any CPU
		{E6278B1C-58BF-44C7-99E8-9A65D7EF52F0}.Debug|x64.ActiveCfg = Debug|Any CPU
		{E6278B1C-58BF-44C7-99E8-9A65D7EF52F0}.Debug|x64.Build.0 = Debug|Any CPU
		{E6278B1C-58BF-44C7-99E8-9A65D7EF52F0}.Debug|x86.ActiveCfg = Debug|Any CPU
		{E6278B1C-58BF-44C7-99E8-9A65D7EF52F0}.Debug|x86.Build.0 = Debug|Any CPU
		{E6278B1C-58BF-44C7-99E8-9A65D7EF52F0}.Release|Any CPU.ActiveCfg = Release|Any CPU
		{E6278B1C-58BF-44C7-99E8-9A65D7EF52F0}.Release|Any CPU.Build.0 = Release|Any CPU
		{E6278B1C-58BF-44C7-99E8-9A65D7EF52F0}.Release|x64.ActiveCfg = Release|Any CPU
		{E6278B1C-58BF-44C7-99E8-9A65D7EF52F0}.Release|x64.Build.0 = Release|Any CPU
		{E6278B1C-58BF-44C7-99E8-9A65D7EF52F0}.Release|x86.ActiveCfg = Release|Any CPU
		{E6278B1C-58BF-44C7-99E8-9A65D7EF52F0}.Release|x86.Build.0 = Release|Any CPU
		{5CD78F16-59B1-447F-813C-92C557AC919D}.Debug|Any CPU.ActiveCfg = Debug|Any CPU
		{5CD78F16-59B1-447F-813C-92C557AC919D}.Debug|Any CPU.Build.0 = Debug|Any CPU
		{5CD78F16-59B1-447F-813C-92C557AC919D}.Debug|x64.ActiveCfg = Debug|Any CPU
		{5CD78F16-59B1-447F-813C-92C557AC919D}.Debug|x64.Build.0 = Debug|Any CPU
		{5CD78F16-59B1-447F-813C-92C557AC919D}.Debug|x86.ActiveCfg = Debug|Any CPU
		{5CD78F16-59B1-447F-813C-92C557AC919D}.Debug|x86.Build.0 = Debug|Any CPU
		{5CD78F16-59B1-447F-813C-92C557AC919D}.Release|Any CPU.ActiveCfg = Release|Any CPU
		{5CD78F16-59B1-447F-813C-92C557AC919D}.Release|Any CPU.Build.0 = Release|Any CPU
		{5CD78F16-59B1-447F-813C-92C557AC919D}.Release|x64.ActiveCfg = Release|Any CPU
		{5CD78F16-59B1-447F-813C-92C557AC919D}.Release|x64.Build.0 = Release|Any CPU
		{5CD78F16-59B1-447F-813C-92C557AC919D}.Release|x86.ActiveCfg = Release|Any CPU
		{5CD78F16-59B1-447F-813C-92C557AC919D}.Release|x86.Build.0 = Release|Any CPU
	EndGlobalSection
EndGlobal
